
Microsoft Visual Studio Solution File, Format Version 12.00
# Visual Studio Version 17
VisualStudioVersion = 17.4.33110.190
MinimumVisualStudioVersion = 10.0.40219.1
Project("{8BC9CEB8-8B4A-11D0-8D11-00A0C91BC942}") = "hyper-mandel", "hyper-mandel.vcxproj", "{4F40CF1F-01AD-4140-8606-ED8217831C0E}"
EndProject
Global
	GlobalSection(SolutionConfigurationPlatforms) = preSolution
		Debug|x64 = Debug|x64
		Debug|x86 = Debug|x86
		Release|x64 = Release|x64
		Release|x86 = Release|x86
		Release-NoIcon|x64 = Release-NoIcon|x64
		Release-NoIcon|x86 = Release-NoIcon|x86
	EndGlobalSection
	GlobalSection(ProjectConfigurationPlatforms) = postSolution
		{4F40CF1F-01AD-4140-8606-ED8217831C0E}.Debug|x64.ActiveCfg = Debug|x64
		{4F40CF1F-01AD-4140-8606-ED8217831C0E}.Debug|x64.Build.0 = Debug|x64
		{4F40CF1F-01AD-4140-8606-ED8217831C0E}.Debug|x86.ActiveCfg = Debug|Win32
		{4F40CF1F-01AD-4140-8606-ED8217831C0E}.Debug|x86.Build.0 = Debug|Win32
		{4F40CF1F-01AD-4140-8606-ED8217831C0E}.Release|x64.ActiveCfg = Release|x64
		{4F40CF1F-01AD-4140-8606-ED8217831C0E}.Release|x64.Build.0 = Release|x64
		{4F40CF1F-01AD-4140-8606-ED8217831C0E}.Release|x86.ActiveCfg = Release|Win32
		{4F40CF1F-01AD-4140-8606-ED8217831C0E}.Release|x86.Build.0 = Release|Win32
		{4F40CF1F-01AD-4140-8606-ED8217831C0E}.Release-NoIcon|x64.ActiveCfg = Release-NoIcon|x64
		{4F40CF1F-01AD-4140-8606-ED8217831C0E}.Release-NoIcon|x64.Build.0 = Release-NoIcon|x64
		{4F40CF1F-01AD-4140-8606-ED8217831C0E}.Release-NoIcon|x86.ActiveCfg = Release-NoIcon|Win32
		{4F40CF1F-01AD-4140-8606-ED8217831C0E}.Release-NoIcon|x86.Build.0 = Release-NoIcon|Win32
	EndGlobalSection
	GlobalSection(SolutionProperties) = preSolution
		HideSolutionNode = FALSE
	EndGlobalSection
	GlobalSection(ExtensibilityGlobals) = postSolution
		SolutionGuid = {C3E12D31-65EF-435C-94AB-ABE6C14F192D}
	EndGlobalSection
EndGlobal
